// !$*UTF8*$!
{
	archiveVersion = 1;
	classes = {
	};
	objectVersion = 50;
	objects = {

/* Begin PBXBuildFile section */
		EBFBD0B320FC457A0048810E /* AppDelegate.swift in Sources */ = {isa = PBXBuildFile; fileRef = EBFBD0B220FC457A0048810E /* AppDelegate.swift */; };
		EBFBD0B520FC457A0048810E /* ViewController.swift in Sources */ = {isa = PBXBuildFile; fileRef = EBFBD0B420FC457A0048810E /* ViewController.swift */; };
		EBFBD0B820FC457A0048810E /* Main.storyboard in Resources */ = {isa = PBXBuildFile; fileRef = EBFBD0B620FC457A0048810E /* Main.storyboard */; };
		EBFBD0BA20FC457F0048810E /* Assets.xcassets in Resources */ = {isa = PBXBuildFile; fileRef = EBFBD0B920FC457F0048810E /* Assets.xcassets */; };
		EBFBD0BD20FC457F0048810E /* LaunchScreen.storyboard in Resources */ = {isa = PBXBuildFile; fileRef = EBFBD0BB20FC457F0048810E /* LaunchScreen.storyboard */; };
		EBFBD0C820FC45800048810E /* MyAppTests.swift in Sources */ = {isa = PBXBuildFile; fileRef = EBFBD0C720FC45800048810E /* MyAppTests.swift */; };
		EBFBD0D320FC45800048810E /* MyAppUITests.swift in Sources */ = {isa = PBXBuildFile; fileRef = EBFBD0D220FC45800048810E /* MyAppUITests.swift */; };
/* End PBXBuildFile section */

/* Begin PBXContainerItemProxy section */
		EBFBD0C420FC45800048810E /* PBXContainerItemProxy */ = {
			isa = PBXContainerItemProxy;
			containerPortal = EBFBD0A720FC45790048810E /* Project object */;
			proxyType = 1;
			remoteGlobalIDString = EBFBD0AE20FC45790048810E;
			remoteInfo = MyApp;
		};
		EBFBD0CF20FC45800048810E /* PBXContainerItemProxy */ = {
			isa = PBXContainerItemProxy;
			containerPortal = EBFBD0A720FC45790048810E /* Project object */;
			proxyType = 1;
			remoteGlobalIDString = EBFBD0AE20FC45790048810E;
			remoteInfo = MyApp;
		};
/* End PBXContainerItemProxy section */

/* Begin PBXFileReference section */
		EBFBD0AF20FC457A0048810E /* MyApp.app */ = {isa = PBXFileReference; explicitFileType = wrapper.application; includeInIndex = 0; path = MyApp.app; sourceTree = BUILT_PRODUCTS_DIR; };
		EBFBD0B220FC457A0048810E /* AppDelegate.swift */ = {isa = PBXFileReference; lastKnownFileType = sourcecode.swift; path = AppDelegate.swift; sourceTree = "<group>"; };
		EBFBD0B420FC457A0048810E /* ViewController.swift */ = {isa = PBXFileReference; lastKnownFileType = sourcecode.swift; path = ViewController.swift; sourceTree = "<group>"; };
		EBFBD0B720FC457A0048810E /* Base */ = {isa = PBXFileReference; lastKnownFileType = file.storyboard; name = Base; path = Base.lproj/Main.storyboard; sourceTree = "<group>"; };
		EBFBD0B920FC457F0048810E /* Assets.xcassets */ = {isa = PBXFileReference; lastKnownFileType = folder.assetcatalog; path = Assets.xcassets; sourceTree = "<group>"; };
		EBFBD0BC20FC457F0048810E /* Base */ = {isa = PBXFileReference; lastKnownFileType = file.storyboard; name = Base; path = Base.lproj/LaunchScreen.storyboard; sourceTree = "<group>"; };
		EBFBD0BE20FC457F0048810E /* Info.plist */ = {isa = PBXFileReference; lastKnownFileType = text.plist.xml; path = Info.plist; sourceTree = "<group>"; };
		EBFBD0C320FC45800048810E /* MyAppTests.xctest */ = {isa = PBXFileReference; explicitFileType = wrapper.cfbundle; includeInIndex = 0; path = MyAppTests.xctest; sourceTree = BUILT_PRODUCTS_DIR; };
		EBFBD0C720FC45800048810E /* MyAppTests.swift */ = {isa = PBXFileReference; lastKnownFileType = sourcecode.swift; path = MyAppTests.swift; sourceTree = "<group>"; };
		EBFBD0C920FC45800048810E /* Info.plist */ = {isa = PBXFileReference; lastKnownFileType = text.plist.xml; path = Info.plist; sourceTree = "<group>"; };
		EBFBD0CE20FC45800048810E /* MyAppUITests.xctest */ = {isa = PBXFileReference; explicitFileType = wrapper.cfbundle; includeInIndex = 0; path = MyAppUITests.xctest; sourceTree = BUILT_PRODUCTS_DIR; };
		EBFBD0D220FC45800048810E /* MyAppUITests.swift */ = {isa = PBXFileReference; lastKnownFileType = sourcecode.swift; path = MyAppUITests.swift; sourceTree = "<group>"; };
		EBFBD0D420FC45800048810E /* Info.plist */ = {isa = PBXFileReference; lastKnownFileType = text.plist.xml; path = Info.plist; sourceTree = "<group>"; };
/* End PBXFileReference section */

/* Begin PBXFrameworksBuildPhase section */
		EBFBD0AC20FC45790048810E /* Frameworks */ = {
			isa = PBXFrameworksBuildPhase;
			buildActionMask = 2147483647;
			files = (
			);
			runOnlyForDeploymentPostprocessing = 0;
		};
		EBFBD0C020FC45800048810E /* Frameworks */ = {
			isa = PBXFrameworksBuildPhase;
			buildActionMask = 2147483647;
			files = (
			);
			runOnlyForDeploymentPostprocessing = 0;
		};
		EBFBD0CB20FC45800048810E /* Frameworks */ = {
			isa = PBXFrameworksBuildPhase;
			buildActionMask = 2147483647;
			files = (
			);
			runOnlyForDeploymentPostprocessing = 0;
		};
/* End PBXFrameworksBuildPhase section */

/* Begin PBXGroup section */
		EBFBD0A620FC45780048810E = {
			isa = PBXGroup;
			children = (
				EBFBD0B120FC457A0048810E /* MyApp */,
				EBFBD0C620FC45800048810E /* MyAppTests */,
				EBFBD0D120FC45800048810E /* MyAppUITests */,
				EBFBD0B020FC457A0048810E /* Products */,
			);
			sourceTree = "<group>";
		};
		EBFBD0B020FC457A0048810E /* Products */ = {
			isa = PBXGroup;
			children = (
				EBFBD0AF20FC457A0048810E /* MyApp.app */,
				EBFBD0C320FC45800048810E /* MyAppTests.xctest */,
				EBFBD0CE20FC45800048810E /* MyAppUITests.xctest */,
			);
			name = Products;
			sourceTree = "<group>";
		};
		EBFBD0B120FC457A0048810E /* MyApp */ = {
			isa = PBXGroup;
			children = (
				EBFBD0B220FC457A0048810E /* AppDelegate.swift */,
				EBFBD0B420FC457A0048810E /* ViewController.swift */,
				EBFBD0B620FC457A0048810E /* Main.storyboard */,
				EBFBD0B920FC457F0048810E /* Assets.xcassets */,
				EBFBD0BB20FC457F0048810E /* LaunchScreen.storyboard */,
				EBFBD0BE20FC457F0048810E /* Info.plist */,
			);
			path = MyApp;
			sourceTree = "<group>";
		};
		EBFBD0C620FC45800048810E /* MyAppTests */ = {
			isa = PBXGroup;
			children = (
				EBFBD0C720FC45800048810E /* MyAppTests.swift */,
				EBFBD0C920FC45800048810E /* Info.plist */,
			);
			path = MyAppTests;
			sourceTree = "<group>";
		};
		EBFBD0D120FC45800048810E /* MyAppUITests */ = {
			isa = PBXGroup;
			children = (
				EBFBD0D220FC45800048810E /* MyAppUITests.swift */,
				EBFBD0D420FC45800048810E /* Info.plist */,
			);
			path = MyAppUITests;
			sourceTree = "<group>";
		};
/* End PBXGroup section */

/* Begin PBXNativeTarget section */
		EBFBD0AE20FC45790048810E /* MyApp */ = {
			isa = PBXNativeTarget;
			buildConfigurationList = EBFBD0D720FC45800048810E /* Build configuration list for PBXNativeTarget "MyApp" */;
			buildPhases = (
				EBFBD0AB20FC45790048810E /* Sources */,
				EBFBD0AC20FC45790048810E /* Frameworks */,
				EBFBD0AD20FC45790048810E /* Resources */,
			);
			buildRules = (
			);
			dependencies = (
			);
			name = MyApp;
			productName = MyApp;
			productReference = EBFBD0AF20FC457A0048810E /* MyApp.app */;
			productType = "com.apple.product-type.application";
		};
		EBFBD0C220FC45800048810E /* MyAppTests */ = {
			isa = PBXNativeTarget;
			buildConfigurationList = EBFBD0DA20FC45800048810E /* Build configuration list for PBXNativeTarget "MyAppTests" */;
			buildPhases = (
				EBFBD0BF20FC45800048810E /* Sources */,
				EBFBD0C020FC45800048810E /* Frameworks */,
				EBFBD0C120FC45800048810E /* Resources */,
			);
			buildRules = (
			);
			dependencies = (
				EBFBD0C520FC45800048810E /* PBXTargetDependency */,
			);
			name = MyAppTests;
			productName = MyAppTests;
			productReference = EBFBD0C320FC45800048810E /* MyAppTests.xctest */;
			productType = "com.apple.product-type.bundle.unit-test";
		};
		EBFBD0CD20FC45800048810E /* MyAppUITests */ = {
			isa = PBXNativeTarget;
			buildConfigurationList = EBFBD0DD20FC45800048810E /* Build configuration list for PBXNativeTarget "MyAppUITests" */;
			buildPhases = (
				EBFBD0CA20FC45800048810E /* Sources */,
				EBFBD0CB20FC45800048810E /* Frameworks */,
				EBFBD0CC20FC45800048810E /* Resources */,
			);
			buildRules = (
			);
			dependencies = (
				EBFBD0D020FC45800048810E /* PBXTargetDependency */,
			);
			name = MyAppUITests;
			productName = MyAppUITests;
			productReference = EBFBD0CE20FC45800048810E /* MyAppUITests.xctest */;
			productType = "com.apple.product-type.bundle.ui-testing";
		};
/* End PBXNativeTarget section */

/* Begin PBXProject section */
		EBFBD0A720FC45790048810E /* Project object */ = {
			isa = PBXProject;
			attributes = {
				LastSwiftUpdateCheck = 0940;
				LastUpgradeCheck = 0940;
				ORGANIZATIONNAME = "Bhushan Bapat";
				TargetAttributes = {
					EBFBD0AE20FC45790048810E = {
						CreatedOnToolsVersion = 9.4.1;
					};
					EBFBD0C220FC45800048810E = {
						CreatedOnToolsVersion = 9.4.1;
						TestTargetID = EBFBD0AE20FC45790048810E;
					};
					EBFBD0CD20FC45800048810E = {
						CreatedOnToolsVersion = 9.4.1;
						TestTargetID = EBFBD0AE20FC45790048810E;
					};
				};
			};
			buildConfigurationList = EBFBD0AA20FC45790048810E /* Build configuration list for PBXProject "MyApp" */;
			compatibilityVersion = "Xcode 9.3";
			developmentRegion = en;
			hasScannedForEncodings = 0;
			knownRegions = (
				en,
				Base,
			);
			mainGroup = EBFBD0A620FC45780048810E;
			productRefGroup = EBFBD0B020FC457A0048810E /* Products */;
			projectDirPath = "";
			projectRoot = "";
			targets = (
				EBFBD0AE20FC45790048810E /* MyApp */,
				EBFBD0C220FC45800048810E /* MyAppTests */,
				EBFBD0CD20FC45800048810E /* MyAppUITests */,
			);
		};
/* End PBXProject section */

/* Begin PBXResourcesBuildPhase section */
		EBFBD0AD20FC45790048810E /* Resources */ = {
			isa = PBXResourcesBuildPhase;
			buildActionMask = 2147483647;
			files = (
				EBFBD0BD20FC457F0048810E /* LaunchScreen.storyboard in Resources */,
				EBFBD0BA20FC457F0048810E /* Assets.xcassets in Resources */,
				EBFBD0B820FC457A0048810E /* Main.storyboard in Resources */,
			);
			runOnlyForDeploymentPostprocessing = 0;
		};
		EBFBD0C120FC45800048810E /* Resources */ = {
			isa = PBXResourcesBuildPhase;
			buildActionMask = 2147483647;
			files = (
			);
			runOnlyForDeploymentPostprocessing = 0;
		};
		EBFBD0CC20FC45800048810E /* Resources */ = {
			isa = PBXResourcesBuildPhase;
			buildActionMask = 2147483647;
			files = (
			);
			runOnlyForDeploymentPostprocessing = 0;
		};
/* End PBXResourcesBuildPhase section */

/* Begin PBXSourcesBuildPhase section */
		EBFBD0AB20FC45790048810E /* Sources */ = {
			isa = PBXSourcesBuildPhase;
			buildActionMask = 2147483647;
			files = (
				EBFBD0B520FC457A0048810E /* ViewController.swift in Sources */,
				EBFBD0B320FC457A0048810E /* AppDelegate.swift in Sources */,
			);
			runOnlyForDeploymentPostprocessing = 0;
		};
		EBFBD0BF20FC45800048810E /* Sources */ = {
			isa = PBXSourcesBuildPhase;
			buildActionMask = 2147483647;
			files = (
				EBFBD0C820FC45800048810E /* MyAppTests.swift in Sources */,
			);
			runOnlyForDeploymentPostprocessing = 0;
		};
		EBFBD0CA20FC45800048810E /* Sources */ = {
			isa = PBXSourcesBuildPhase;
			buildActionMask = 2147483647;
			files = (
				EBFBD0D320FC45800048810E /* MyAppUITests.swift in Sources */,
			);
			runOnlyForDeploymentPostprocessing = 0;
		};
/* End PBXSourcesBuildPhase section */

/* Begin PBXTargetDependency section */
		EBFBD0C520FC45800048810E /* PBXTargetDependency */ = {
			isa = PBXTargetDependency;
			target = EBFBD0AE20FC45790048810E /* MyApp */;
			targetProxy = EBFBD0C420FC45800048810E /* PBXContainerItemProxy */;
		};
		EBFBD0D020FC45800048810E /* PBXTargetDependency */ = {
			isa = PBXTargetDependency;
			target = EBFBD0AE20FC45790048810E /* MyApp */;
			targetProxy = EBFBD0CF20FC45800048810E /* PBXContainerItemProxy */;
		};
/* End PBXTargetDependency section */

/* Begin PBXVariantGroup section */
		EBFBD0B620FC457A0048810E /* Main.storyboard */ = {
			isa = PBXVariantGroup;
			children = (
				EBFBD0B720FC457A0048810E /* Base */,
			);
			name = Main.storyboard;
			sourceTree = "<group>";
		};
		EBFBD0BB20FC457F0048810E /* LaunchScreen.storyboard */ = {
			isa = PBXVariantGroup;
			children = (
				EBFBD0BC20FC457F0048810E /* Base */,
			);
			name = LaunchScreen.storyboard;
			sourceTree = "<group>";
		};
/* End PBXVariantGroup section */

/* Begin XCBuildConfiguration section */
		EBFBD0D520FC45800048810E /* Debug */ = {
			isa = XCBuildConfiguration;
			buildSettings = {
				ALWAYS_SEARCH_USER_PATHS = NO;
				CLANG_ANALYZER_NONNULL = YES;
				CLANG_ANALYZER_NUMBER_OBJECT_CONVERSION = YES_AGGRESSIVE;
				CLANG_CXX_LANGUAGE_STANDARD = "gnu++14";
				CLANG_CXX_LIBRARY = "libc++";
				CLANG_ENABLE_MODULES = YES;
				CLANG_ENABLE_OBJC_ARC = YES;
				CLANG_ENABLE_OBJC_WEAK = YES;
				CLANG_WARN_BLOCK_CAPTURE_AUTORELEASING = YES;
				CLANG_WARN_BOOL_CONVERSION = YES;
				CLANG_WARN_COMMA = YES;
				CLANG_WARN_CONSTANT_CONVERSION = YES;
				CLANG_WARN_DEPRECATED_OBJC_IMPLEMENTATIONS = YES;
				CLANG_WARN_DIRECT_OBJC_ISA_USAGE = YES_ERROR;
				CLANG_WARN_DOCUMENTATION_COMMENTS = YES;
				CLANG_WARN_EMPTY_BODY = YES;
				CLANG_WARN_ENUM_CONVERSION = YES;
				CLANG_WARN_INFINITE_RECURSION = YES;
				CLANG_WARN_INT_CONVERSION = YES;
				CLANG_WARN_NON_LITERAL_NULL_CONVERSION = YES;
				CLANG_WARN_OBJC_IMPLICIT_RETAIN_SELF = YES;
				CLANG_WARN_OBJC_LITERAL_CONVERSION = YES;
				CLANG_WARN_OBJC_ROOT_CLASS = YES_ERROR;
				CLANG_WARN_RANGE_LOOP_ANALYSIS = YES;
				CLANG_WARN_STRICT_PROTOTYPES = YES;
				CLANG_WARN_SUSPICIOUS_MOVE = YES;
				CLANG_WARN_UNGUARDED_AVAILABILITY = YES_AGGRESSIVE;
				CLANG_WARN_UNREACHABLE_CODE = YES;
				CLANG_WARN__DUPLICATE_METHOD_MATCH = YES;
				CODE_SIGN_IDENTITY = "iPhone Developer";
				COPY_PHASE_STRIP = NO;
				DEBUG_INFORMATION_FORMAT = dwarf;
				ENABLE_STRICT_OBJC_MSGSEND = YES;
				ENABLE_TESTABILITY = YES;
				GCC_C_LANGUAGE_STANDARD = gnu11;
				GCC_DYNAMIC_NO_PIC = NO;
				GCC_NO_COMMON_BLOCKS = YES;
				GCC_OPTIMIZATION_LEVEL = 0;
				GCC_PREPROCESSOR_DEFINITIONS = (
					"DEBUG=1",
					"$(inherited)",
				);
				GCC_WARN_64_TO_32_BIT_CONVERSION = YES;
				GCC_WARN_ABOUT_RETURN_TYPE = YES_ERROR;
				GCC_WARN_UNDECLARED_SELECTOR = YES;
				GCC_WARN_UNINITIALIZED_AUTOS = YES_AGGRESSIVE;
				GCC_WARN_UNUSED_FUNCTION = YES;
				GCC_WARN_UNUSED_VARIABLE = YES;
				IPHONEOS_DEPLOYMENT_TARGET = 11.4;
				MTL_ENABLE_DEBUG_INFO = YES;
				ONLY_ACTIVE_ARCH = YES;
				SDKROOT = iphoneos;
				SWIFT_ACTIVE_COMPILATION_CONDITIONS = DEBUG;
				SWIFT_OPTIMIZATION_LEVEL = "-Onone";
			};
			name = Debug;
		};
		EBFBD0D620FC45800048810E /* Release */ = {
			isa = XCBuildConfiguration;
			buildSettings = {
				ALWAYS_SEARCH_USER_PATHS = NO;
				CLANG_ANALYZER_NONNULL = YES;
				CLANG_ANALYZER_NUMBER_OBJECT_CONVERSION = YES_AGGRESSIVE;
				CLANG_CXX_LANGUAGE_STANDARD = "gnu++14";
				CLANG_CXX_LIBRARY = "libc++";
				CLANG_ENABLE_MODULES = YES;
				CLANG_ENABLE_OBJC_ARC = YES;
				CLANG_ENABLE_OBJC_WEAK = YES;
				CLANG_WARN_BLOCK_CAPTURE_AUTORELEASING = YES;
				CLANG_WARN_BOOL_CONVERSION = YES;
				CLANG_WARN_COMMA = YES;
				CLANG_WARN_CONSTANT_CONVERSION = YES;
				CLANG_WARN_DEPRECATED_OBJC_IMPLEMENTATIONS = YES;
				CLANG_WARN_DIRECT_OBJC_ISA_USAGE = YES_ERROR;
				CLANG_WARN_DOCUMENTATION_COMMENTS = YES;
				CLANG_WARN_EMPTY_BODY = YES;
				CLANG_WARN_ENUM_CONVERSION = YES;
				CLANG_WARN_INFINITE_RECURSION = YES;
				CLANG_WARN_INT_CONVERSION = YES;
				CLANG_WARN_NON_LITERAL_NULL_CONVERSION = YES;
				CLANG_WARN_OBJC_IMPLICIT_RETAIN_SELF = YES;
				CLANG_WARN_OBJC_LITERAL_CONVERSION = YES;
				CLANG_WARN_OBJC_ROOT_CLASS = YES_ERROR;
				CLANG_WARN_RANGE_LOOP_ANALYSIS = YES;
				CLANG_WARN_STRICT_PROTOTYPES = YES;
				CLANG_WARN_SUSPICIOUS_MOVE = YES;
				CLANG_WARN_UNGUARDED_AVAILABILITY = YES_AGGRESSIVE;
				CLANG_WARN_UNREACHABLE_CODE = YES;
				CLANG_WARN__DUPLICATE_METHOD_MATCH = YES;
				CODE_SIGN_IDENTITY = "iPhone Developer";
				COPY_PHASE_STRIP = NO;
				DEBUG_INFORMATION_FORMAT = "dwarf-with-dsym";
				ENABLE_NS_ASSERTIONS = NO;
				ENABLE_STRICT_OBJC_MSGSEND = YES;
				GCC_C_LANGUAGE_STANDARD = gnu11;
				GCC_NO_COMMON_BLOCKS = YES;
				GCC_WARN_64_TO_32_BIT_CONVERSION = YES;
				GCC_WARN_ABOUT_RETURN_TYPE = YES_ERROR;
				GCC_WARN_UNDECLARED_SELECTOR = YES;
				GCC_WARN_UNINITIALIZED_AUTOS = YES_AGGRESSIVE;
				GCC_WARN_UNUSED_FUNCTION = YES;
				GCC_WARN_UNUSED_VARIABLE = YES;
				IPHONEOS_DEPLOYMENT_TARGET = 11.4;
				MTL_ENABLE_DEBUG_INFO = NO;
				SDKROOT = iphoneos;
				SWIFT_COMPILATION_MODE = wholemodule;
				SWIFT_OPTIMIZATION_LEVEL = "-O";
				VALIDATE_PRODUCT = YES;
			};
			name = Release;
		};
		EBFBD0D820FC45800048810E /* Debug */ = {
			isa = XCBuildConfiguration;
			buildSettings = {
				ASSETCATALOG_COMPILER_APPICON_NAME = AppIcon;
				CODE_SIGN_STYLE = Automatic;
				INFOPLIST_FILE = MyApp/Info.plist;
				LD_RUNPATH_SEARCH_PATHS = (
					"$(inherited)",
					"@executable_path/Frameworks",
				);
				PRODUCT_BUNDLE_IDENTIFIER = MyStartup.MyApp;
				PRODUCT_NAME = "$(TARGET_NAME)";
				SWIFT_VERSION = 4.0;
				TARGETED_DEVICE_FAMILY = "1,2";
			};
			name = Debug;
		};
		EBFBD0D920FC45800048810E /* Release */ = {
			isa = XCBuildConfiguration;
			buildSettings = {
				ASSETCATALOG_COMPILER_APPICON_NAME = AppIcon;
				CODE_SIGN_STYLE = Automatic;
				INFOPLIST_FILE = MyApp/Info.plist;
				LD_RUNPATH_SEARCH_PATHS = (
					"$(inherited)",
					"@executable_path/Frameworks",
				);
				PRODUCT_BUNDLE_IDENTIFIER = MyStartup.MyApp;
				PRODUCT_NAME = "$(TARGET_NAME)";
				SWIFT_VERSION = 4.0;
				TARGETED_DEVICE_FAMILY = "1,2";
			};
			name = Release;
		};
		EBFBD0DB20FC45800048810E /* Debug */ = {
			isa = XCBuildConfiguration;
			buildSettings = {
				ALWAYS_EMBED_SWIFT_STANDARD_LIBRARIES = YES;
				BUNDLE_LOADER = "$(TEST_HOST)";
				CODE_SIGN_STYLE = Automatic;
				INFOPLIST_FILE = MyAppTests/Info.plist;
				LD_RUNPATH_SEARCH_PATHS = (
					"$(inherited)",
					"@executable_path/Frameworks",
					"@loader_path/Frameworks",
				);
				PRODUCT_BUNDLE_IDENTIFIER = MyStartup.MyAppTests;
				PRODUCT_NAME = "$(TARGET_NAME)";
				SWIFT_VERSION = 4.0;
				TARGETED_DEVICE_FAMILY = "1,2";
				TEST_HOST = "$(BUILT_PRODUCTS_DIR)/MyApp.app/MyApp";
			};
			name = Debug;
		};
		EBFBD0DC20FC45800048810E /* Release */ = {
			isa = XCBuildConfiguration;
			buildSettings = {
				ALWAYS_EMBED_SWIFT_STANDARD_LIBRARIES = YES;
				BUNDLE_LOADER = "$(TEST_HOST)";
				CODE_SIGN_STYLE = Automatic;
				INFOPLIST_FILE = MyAppTests/Info.plist;
				LD_RUNPATH_SEARCH_PATHS = (
					"$(inherited)",
					"@executable_path/Frameworks",
					"@loader_path/Frameworks",
				);
				PRODUCT_BUNDLE_IDENTIFIER = MyStartup.MyAppTests;
				PRODUCT_NAME = "$(TARGET_NAME)";
				SWIFT_VERSION = 4.0;
				TARGETED_DEVICE_FAMILY = "1,2";
				TEST_HOST = "$(BUILT_PRODUCTS_DIR)/MyApp.app/MyApp";
			};
			name = Release;
		};
		EBFBD0DE20FC45800048810E /* Debug */ = {
			isa = XCBuildConfiguration;
			buildSettings = {
				ALWAYS_EMBED_SWIFT_STANDARD_LIBRARIES = YES;
				CODE_SIGN_STYLE = Automatic;
				INFOPLIST_FILE = MyAppUITests/Info.plist;
				LD_RUNPATH_SEARCH_PATHS = (
					"$(inherited)",
					"@executable_path/Frameworks",
					"@loader_path/Frameworks",
				);
				PRODUCT_BUNDLE_IDENTIFIER = MyStartup.MyAppUITests;
				PRODUCT_NAME = "$(TARGET_NAME)";
				SWIFT_VERSION = 4.0;
				TARGETED_DEVICE_FAMILY = "1,2";
				TEST_TARGET_NAME = MyApp;
			};
			name = Debug;
		};
		EBFBD0DF20FC45800048810E /* Release */ = {
			isa = XCBuildConfiguration;
			buildSettings = {
				ALWAYS_EMBED_SWIFT_STANDARD_LIBRARIES = YES;
				CODE_SIGN_STYLE = Automatic;
				INFOPLIST_FILE = MyAppUITests/Info.plist;
				LD_RUNPATH_SEARCH_PATHS = (
					"$(inherited)",
					"@executable_path/Frameworks",
					"@loader_path/Frameworks",
				);
				PRODUCT_BUNDLE_IDENTIFIER = MyStartup.MyAppUITests;
				PRODUCT_NAME = "$(TARGET_NAME)";
				SWIFT_VERSION = 4.0;
				TARGETED_DEVICE_FAMILY = "1,2";
				TEST_TARGET_NAME = MyApp;
			};
			name = Release;
		};
/* End XCBuildConfiguration section */

/* Begin XCConfigurationList section */
		EBFBD0AA20FC45790048810E /* Build configuration list for PBXProject "MyApp" */ = {
			isa = XCConfigurationList;
			buildConfigurations = (
				EBFBD0D520FC45800048810E /* Debug */,
				EBFBD0D620FC45800048810E /* Release */,
			);
			defaultConfigurationIsVisible = 0;
			defaultConfigurationName = Release;
		};
		EBFBD0D720FC45800048810E /* Build configuration list for PBXNativeTarget "MyApp" */ = {
			isa = XCConfigurationList;
			buildConfigurations = (
				EBFBD0D820FC45800048810E /* Debug */,
				EBFBD0D920FC45800048810E /* Release */,
			);
			defaultConfigurationIsVisible = 0;
			defaultConfigurationName = Release;
		};
		EBFBD0DA20FC45800048810E /* Build configuration list for PBXNativeTarget "MyAppTests" */ = {
			isa = XCConfigurationList;
			buildConfigurations = (
				EBFBD0DB20FC45800048810E /* Debug */,
				EBFBD0DC20FC45800048810E /* Release */,
			);
			defaultConfigurationIsVisible = 0;
			defaultConfigurationName = Release;
		};
		EBFBD0DD20FC45800048810E /* Build configuration list for PBXNativeTarget "MyAppUITests" */ = {
			isa = XCConfigurationList;
			buildConfigurations = (
				EBFBD0DE20FC45800048810E /* Debug */,
				EBFBD0DF20FC45800048810E /* Release */,
			);
			defaultConfigurationIsVisible = 0;
			defaultConfigurationName = Release;
		};
/* End XCConfigurationList section */
	};
	rootObject = EBFBD0A720FC45790048810E /* Project object */;
}
